// !$*UTF8*$!
{
	archiveVersion = 1;
	classes = {
	};
	objectVersion = 46;
	objects = {

/* Begin PBXBuildFile section */
		737B7990194B057D00DEBF29 /* main.m in Sources */ = {isa = PBXBuildFile; fileRef = 737B798F194B057D00DEBF29 /* main.m */; };
		737B7993194B057D00DEBF29 /* AppDelegate.m in Sources */ = {isa = PBXBuildFile; fileRef = 737B7992194B057D00DEBF29 /* AppDelegate.m */; };
		737B7995194B057D00DEBF29 /* Images.xcassets in Resources */ = {isa = PBXBuildFile; fileRef = 737B7994194B057D00DEBF29 /* Images.xcassets */; };
		737B79AC194B05C700DEBF29 /* SubmitViewController.m in Sources */ = {isa = PBXBuildFile; fileRef = 737B79AB194B05C700DEBF29 /* SubmitViewController.m */; };
		737B79B3194B076200DEBF29 /* README_NORD in Resources */ = {isa = PBXBuildFile; fileRef = 737B79B2194B076200DEBF29 /* README_NORD */; };
		B285435618CF9A9600860787 /* Storyboard.storyboard in Resources */ = {isa = PBXBuildFile; fileRef = B285435518CF9A9600860787 /* Storyboard.storyboard */; };
		B285435818CF9F8600860787 /* AudioToolbox.framework in Frameworks */ = {isa = PBXBuildFile; fileRef = B285435718CF9F8500860787 /* AudioToolbox.framework */; };
		B285435A18CF9F8E00860787 /* CFNetwork.framework in Frameworks */ = {isa = PBXBuildFile; fileRef = B285435918CF9F8E00860787 /* CFNetwork.framework */; };
		B285435C18CF9F9D00860787 /* CoreGraphics.framework in Frameworks */ = {isa = PBXBuildFile; fileRef = B285435B18CF9F9D00860787 /* CoreGraphics.framework */; };
		B285435E18CF9FA500860787 /* CoreLocation.framework in Frameworks */ = {isa = PBXBuildFile; fileRef = B285435D18CF9FA500860787 /* CoreLocation.framework */; };
		B285436018CF9FAF00860787 /* libz.dylib in Frameworks */ = {isa = PBXBuildFile; fileRef = B285435F18CF9FAF00860787 /* libz.dylib */; };
		B285436218CF9FB900860787 /* MobileCoreServices.framework in Frameworks */ = {isa = PBXBuildFile; fileRef = B285436118CF9FB900860787 /* MobileCoreServices.framework */; };
		B285436418CF9FC200860787 /* QuartzCore.framework in Frameworks */ = {isa = PBXBuildFile; fileRef = B285436318CF9FC200860787 /* QuartzCore.framework */; };
		B285436618CF9FC900860787 /* Security.framework in Frameworks */ = {isa = PBXBuildFile; fileRef = B285436518CF9FC900860787 /* Security.framework */; };
		B285436818CF9FD200860787 /* StoreKit.framework in Frameworks */ = {isa = PBXBuildFile; fileRef = B285436718CF9FD200860787 /* StoreKit.framework */; };
		B285436A18CF9FDD00860787 /* SystemConfiguration.framework in Frameworks */ = {isa = PBXBuildFile; fileRef = B285436918CF9FDD00860787 /* SystemConfiguration.framework */; };
		B285436E18CFA0FC00860787 /* Kisi.m in Sources */ = {isa = PBXBuildFile; fileRef = B285436D18CFA0FC00860787 /* Kisi.m */; };
		B285437018CFA4F600860787 /* Parse.framework in Frameworks */ = {isa = PBXBuildFile; fileRef = B285436F18CFA4F600860787 /* Parse.framework */; };
/* End PBXBuildFile section */

/* Begin PBXFileReference section */
		737B798A194B057D00DEBF29 /* NordSubmit.app */ = {isa = PBXFileReference; explicitFileType = wrapper.application; includeInIndex = 0; path = NordSubmit.app; sourceTree = BUILT_PRODUCTS_DIR; };
		737B798E194B057D00DEBF29 /* Info.plist */ = {isa = PBXFileReference; lastKnownFileType = text.plist.xml; path = Info.plist; sourceTree = "<group>"; };
		737B798F194B057D00DEBF29 /* main.m */ = {isa = PBXFileReference; lastKnownFileType = sourcecode.c.objc; path = main.m; sourceTree = "<group>"; };
		737B7991194B057D00DEBF29 /* AppDelegate.h */ = {isa = PBXFileReference; lastKnownFileType = sourcecode.c.h; path = AppDelegate.h; sourceTree = "<group>"; };
		737B7992194B057D00DEBF29 /* AppDelegate.m */ = {isa = PBXFileReference; lastKnownFileType = sourcecode.c.objc; path = AppDelegate.m; sourceTree = "<group>"; };
		737B7994194B057D00DEBF29 /* Images.xcassets */ = {isa = PBXFileReference; lastKnownFileType = folder.assetcatalog; path = Images.xcassets; sourceTree = "<group>"; };
		737B79AA194B05C700DEBF29 /* SubmitViewController.h */ = {isa = PBXFileReference; fileEncoding = 4; lastKnownFileType = sourcecode.c.h; name = SubmitViewController.h; path = controllers/SubmitViewController.h; sourceTree = "<group>"; };
		737B79AB194B05C700DEBF29 /* SubmitViewController.m */ = {isa = PBXFileReference; fileEncoding = 4; lastKnownFileType = sourcecode.c.objc; name = SubmitViewController.m; path = controllers/SubmitViewController.m; sourceTree = "<group>"; };
		737B79B2194B076200DEBF29 /* README_NORD */ = {isa = PBXFileReference; fileEncoding = 4; lastKnownFileType = text; path = README_NORD; sourceTree = "<group>"; };
		B285435518CF9A9600860787 /* Storyboard.storyboard */ = {isa = PBXFileReference; fileEncoding = 4; lastKnownFileType = file.storyboard; path = Storyboard.storyboard; sourceTree = "<group>"; };
		B285435718CF9F8500860787 /* AudioToolbox.framework */ = {isa = PBXFileReference; lastKnownFileType = wrapper.framework; name = AudioToolbox.framework; path = System/Library/Frameworks/AudioToolbox.framework; sourceTree = SDKROOT; };
		B285435918CF9F8E00860787 /* CFNetwork.framework */ = {isa = PBXFileReference; lastKnownFileType = wrapper.framework; name = CFNetwork.framework; path = System/Library/Frameworks/CFNetwork.framework; sourceTree = SDKROOT; };
		B285435B18CF9F9D00860787 /* CoreGraphics.framework */ = {isa = PBXFileReference; lastKnownFileType = wrapper.framework; name = CoreGraphics.framework; path = System/Library/Frameworks/CoreGraphics.framework; sourceTree = SDKROOT; };
		B285435D18CF9FA500860787 /* CoreLocation.framework */ = {isa = PBXFileReference; lastKnownFileType = wrapper.framework; name = CoreLocation.framework; path = System/Library/Frameworks/CoreLocation.framework; sourceTree = SDKROOT; };
		B285435F18CF9FAF00860787 /* libz.dylib */ = {isa = PBXFileReference; lastKnownFileType = "compiled.mach-o.dylib"; name = libz.dylib; path = usr/lib/libz.dylib; sourceTree = SDKROOT; };
		B285436118CF9FB900860787 /* MobileCoreServices.framework */ = {isa = PBXFileReference; lastKnownFileType = wrapper.framework; name = MobileCoreServices.framework; path = System/Library/Frameworks/MobileCoreServices.framework; sourceTree = SDKROOT; };
		B285436318CF9FC200860787 /* QuartzCore.framework */ = {isa = PBXFileReference; lastKnownFileType = wrapper.framework; name = QuartzCore.framework; path = System/Library/Frameworks/QuartzCore.framework; sourceTree = SDKROOT; };
		B285436518CF9FC900860787 /* Security.framework */ = {isa = PBXFileReference; lastKnownFileType = wrapper.framework; name = Security.framework; path = System/Library/Frameworks/Security.framework; sourceTree = SDKROOT; };
		B285436718CF9FD200860787 /* StoreKit.framework */ = {isa = PBXFileReference; lastKnownFileType = wrapper.framework; name = StoreKit.framework; path = System/Library/Frameworks/StoreKit.framework; sourceTree = SDKROOT; };
		B285436918CF9FDD00860787 /* SystemConfiguration.framework */ = {isa = PBXFileReference; lastKnownFileType = wrapper.framework; name = SystemConfiguration.framework; path = System/Library/Frameworks/SystemConfiguration.framework; sourceTree = SDKROOT; };
		B285436C18CFA0FC00860787 /* Kisi.h */ = {isa = PBXFileReference; fileEncoding = 4; lastKnownFileType = sourcecode.c.h; name = Kisi.h; path = controllers/Kisi.h; sourceTree = "<group>"; };
		B285436D18CFA0FC00860787 /* Kisi.m */ = {isa = PBXFileReference; fileEncoding = 4; lastKnownFileType = sourcecode.c.objc; name = Kisi.m; path = controllers/Kisi.m; sourceTree = "<group>"; };
		B285436F18CFA4F600860787 /* Parse.framework */ = {isa = PBXFileReference; lastKnownFileType = wrapper.framework; path = Parse.framework; sourceTree = "<group>"; };
/* End PBXFileReference section */

/* Begin PBXFrameworksBuildPhase section */
		737B7987194B057D00DEBF29 /* Frameworks */ = {
			isa = PBXFrameworksBuildPhase;
			buildActionMask = 2147483647;
			files = (
				B285436A18CF9FDD00860787 /* SystemConfiguration.framework in Frameworks */,
				B285436818CF9FD200860787 /* StoreKit.framework in Frameworks */,
				B285436618CF9FC900860787 /* Security.framework in Frameworks */,
				B285436418CF9FC200860787 /* QuartzCore.framework in Frameworks */,
				B285436218CF9FB900860787 /* MobileCoreServices.framework in Frameworks */,
				B285436018CF9FAF00860787 /* libz.dylib in Frameworks */,
				B285437018CFA4F600860787 /* Parse.framework in Frameworks */,
				B285435E18CF9FA500860787 /* CoreLocation.framework in Frameworks */,
				B285435C18CF9F9D00860787 /* CoreGraphics.framework in Frameworks */,
				B285435A18CF9F8E00860787 /* CFNetwork.framework in Frameworks */,
				B285435818CF9F8600860787 /* AudioToolbox.framework in Frameworks */,
			);
			runOnlyForDeploymentPostprocessing = 0;
		};
/* End PBXFrameworksBuildPhase section */

/* Begin PBXGroup section */
		737B7981194B057D00DEBF29 = {
			isa = PBXGroup;
			children = (
				737B79B2194B076200DEBF29 /* README_NORD */,
				737B798C194B057D00DEBF29 /* NordSubmit */,
				737B798B194B057D00DEBF29 /* Products */,
			);
			sourceTree = "<group>";
		};
		737B798B194B057D00DEBF29 /* Products */ = {
			isa = PBXGroup;
			children = (
				737B798A194B057D00DEBF29 /* NordSubmit.app */,
			);
			name = Products;
			sourceTree = "<group>";
		};
		737B798C194B057D00DEBF29 /* NordSubmit */ = {
			isa = PBXGroup;
			children = (
				B285435418CF9A7B00860787 /* Model */,
				B285435318CF9A7400860787 /* View */,
				737B79AD194B05CD00DEBF29 /* Controllers */,
				737B7991194B057D00DEBF29 /* AppDelegate.h */,
				737B7992194B057D00DEBF29 /* AppDelegate.m */,
				737B7994194B057D00DEBF29 /* Images.xcassets */,
				B285436B18CF9FE300860787 /* framework */,
				737B798D194B057D00DEBF29 /* Supporting Files */,
			);
			path = NordSubmit;
			sourceTree = "<group>";
		};
		737B798D194B057D00DEBF29 /* Supporting Files */ = {
			isa = PBXGroup;
			children = (
				737B798E194B057D00DEBF29 /* Info.plist */,
				737B798F194B057D00DEBF29 /* main.m */,
			);
			name = "Supporting Files";
			sourceTree = "<group>";
		};
		737B79AD194B05CD00DEBF29 /* Controllers */ = {
			isa = PBXGroup;
			children = (
				737B79AA194B05C700DEBF29 /* SubmitViewController.h */,
				737B79AB194B05C700DEBF29 /* SubmitViewController.m */,
				B285436C18CFA0FC00860787 /* Kisi.h */,
				B285436D18CFA0FC00860787 /* Kisi.m */,
			);
			name = Controllers;
			sourceTree = "<group>";
		};
		B285435318CF9A7400860787 /* View */ = {
			isa = PBXGroup;
			children = (
				B285435518CF9A9600860787 /* Storyboard.storyboard */,
			);
			name = View;
			sourceTree = "<group>";
		};
		B285435418CF9A7B00860787 /* Model */ = {
			isa = PBXGroup;
			children = (
			);
			name = Model;
			sourceTree = "<group>";
		};
		B285436B18CF9FE300860787 /* framework */ = {
			isa = PBXGroup;
			children = (
				B285436F18CFA4F600860787 /* Parse.framework */,
				B285436918CF9FDD00860787 /* SystemConfiguration.framework */,
				B285436718CF9FD200860787 /* StoreKit.framework */,
				B285436518CF9FC900860787 /* Security.framework */,
				B285436318CF9FC200860787 /* QuartzCore.framework */,
				B285436118CF9FB900860787 /* MobileCoreServices.framework */,
				B285435F18CF9FAF00860787 /* libz.dylib */,
				B285435D18CF9FA500860787 /* CoreLocation.framework */,
				B285435B18CF9F9D00860787 /* CoreGraphics.framework */,
				B285435918CF9F8E00860787 /* CFNetwork.framework */,
				B285435718CF9F8500860787 /* AudioToolbox.framework */,
			);
			name = framework;
			path = ..;
			sourceTree = "<group>";
		};
/* End PBXGroup section */

/* Begin PBXNativeTarget section */
		737B7989194B057D00DEBF29 /* NordSubmit */ = {
			isa = PBXNativeTarget;
			buildConfigurationList = 737B79A4194B057D00DEBF29 /* Build configuration list for PBXNativeTarget "NordSubmit" */;
			buildPhases = (
				737B7986194B057D00DEBF29 /* Sources */,
				737B7987194B057D00DEBF29 /* Frameworks */,
				737B7988194B057D00DEBF29 /* Resources */,
			);
			buildRules = (
			);
			dependencies = (
			);
			name = NordSubmit;
			productName = NordSubmit;
			productReference = 737B798A194B057D00DEBF29 /* NordSubmit.app */;
			productType = "com.apple.product-type.application";
		};
/* End PBXNativeTarget section */

/* Begin PBXProject section */
		737B7982194B057D00DEBF29 /* Project object */ = {
			isa = PBXProject;
			attributes = {
				LastUpgradeCheck = 0600;
				ORGANIZATIONNAME = "Gurkan Tumer";
				TargetAttributes = {
					737B7989194B057D00DEBF29 = {
						CreatedOnToolsVersion = 6.0;
					};
				};
			};
			buildConfigurationList = 737B7985194B057D00DEBF29 /* Build configuration list for PBXProject "NordSubmit" */;
			compatibilityVersion = "Xcode 3.2";
			developmentRegion = English;
			hasScannedForEncodings = 0;
			knownRegions = (
				en,
			);
			mainGroup = 737B7981194B057D00DEBF29;
			productRefGroup = 737B798B194B057D00DEBF29 /* Products */;
			projectDirPath = "";
			projectRoot = "";
			targets = (
				737B7989194B057D00DEBF29 /* NordSubmit */,
			);
		};
/* End PBXProject section */

/* Begin PBXResourcesBuildPhase section */
		737B7988194B057D00DEBF29 /* Resources */ = {
			isa = PBXResourcesBuildPhase;
			buildActionMask = 2147483647;
			files = (
				737B7995194B057D00DEBF29 /* Images.xcassets in Resources */,
				737B79B3194B076200DEBF29 /* README_NORD in Resources */,
				B285435618CF9A9600860787 /* Storyboard.storyboard in Resources */,
			);
			runOnlyForDeploymentPostprocessing = 0;
		};
/* End PBXResourcesBuildPhase section */

/* Begin PBXSourcesBuildPhase section */
		737B7986194B057D00DEBF29 /* Sources */ = {
			isa = PBXSourcesBuildPhase;
			buildActionMask = 2147483647;
			files = (
				737B7993194B057D00DEBF29 /* AppDelegate.m in Sources */,
				B285436E18CFA0FC00860787 /* Kisi.m in Sources */,
				737B79AC194B05C700DEBF29 /* SubmitViewController.m in Sources */,
				737B7990194B057D00DEBF29 /* main.m in Sources */,
			);
			runOnlyForDeploymentPostprocessing = 0;
		};
/* End PBXSourcesBuildPhase section */

/* Begin XCBuildConfiguration section */
		737B79A2194B057D00DEBF29 /* Debug */ = {
			isa = XCBuildConfiguration;
			buildSettings = {
				ALWAYS_SEARCH_USER_PATHS = NO;
				CLANG_CXX_LANGUAGE_STANDARD = "gnu++0x";
				CLANG_CXX_LIBRARY = "libc++";
				CLANG_ENABLE_MODULES = YES;
				CLANG_ENABLE_OBJC_ARC = YES;
				CLANG_WARN_BOOL_CONVERSION = YES;
				CLANG_WARN_CONSTANT_CONVERSION = YES;
				CLANG_WARN_DIRECT_OBJC_ISA_USAGE = YES_ERROR;
				CLANG_WARN_EMPTY_BODY = YES;
				CLANG_WARN_ENUM_CONVERSION = YES;
				CLANG_WARN_INT_CONVERSION = YES;
				CLANG_WARN_OBJC_ROOT_CLASS = YES_ERROR;
				CLANG_WARN_UNREACHABLE_CODE = YES;
				CLANG_WARN__DUPLICATE_METHOD_MATCH = YES;
				"CODE_SIGN_IDENTITY[sdk=iphoneos*]" = "iPhone Developer";
				COPY_PHASE_STRIP = NO;
				ENABLE_STRICT_OBJC_MSGSEND = YES;
				GCC_C_LANGUAGE_STANDARD = gnu99;
				GCC_DYNAMIC_NO_PIC = NO;
				GCC_OPTIMIZATION_LEVEL = 0;
				GCC_PREPROCESSOR_DEFINITIONS = (
					"DEBUG=1",
					"$(inherited)",
				);
				GCC_SYMBOLS_PRIVATE_EXTERN = NO;
				GCC_WARN_64_TO_32_BIT_CONVERSION = YES;
				GCC_WARN_ABOUT_RETURN_TYPE = YES_ERROR;
				GCC_WARN_UNDECLARED_SELECTOR = YES;
				GCC_WARN_UNINITIALIZED_AUTOS = YES_AGGRESSIVE;
				GCC_WARN_UNUSED_FUNCTION = YES;
				GCC_WARN_UNUSED_VARIABLE = YES;
				IPHONEOS_DEPLOYMENT_TARGET = 8.0;
				METAL_ENABLE_DEBUG_INFO = YES;
				ONLY_ACTIVE_ARCH = YES;
				SDKROOT = iphoneos;
				TARGETED_DEVICE_FAMILY = "1,2";
			};
			name = Debug;
		};
		737B79A3194B057D00DEBF29 /* Release */ = {
			isa = XCBuildConfiguration;
			buildSettings = {
				ALWAYS_SEARCH_USER_PATHS = NO;
				CLANG_CXX_LANGUAGE_STANDARD = "gnu++0x";
				CLANG_CXX_LIBRARY = "libc++";
				CLANG_ENABLE_MODULES = YES;
				CLANG_ENABLE_OBJC_ARC = YES;
				CLANG_WARN_BOOL_CONVERSION = YES;
				CLANG_WARN_CONSTANT_CONVERSION = YES;
				CLANG_WARN_DIRECT_OBJC_ISA_USAGE = YES_ERROR;
				CLANG_WARN_EMPTY_BODY = YES;
				CLANG_WARN_ENUM_CONVERSION = YES;
				CLANG_WARN_INT_CONVERSION = YES;
				CLANG_WARN_OBJC_ROOT_CLASS = YES_ERROR;
				CLANG_WARN_UNREACHABLE_CODE = YES;
				CLANG_WARN__DUPLICATE_METHOD_MATCH = YES;
				"CODE_SIGN_IDENTITY[sdk=iphoneos*]" = "iPhone Developer";
				COPY_PHASE_STRIP = YES;
				ENABLE_NS_ASSERTIONS = NO;
				ENABLE_STRICT_OBJC_MSGSEND = YES;
				GCC_C_LANGUAGE_STANDARD = gnu99;
				GCC_WARN_64_TO_32_BIT_CONVERSION = YES;
				GCC_WARN_ABOUT_RETURN_TYPE = YES_ERROR;
				GCC_WARN_UNDECLARED_SELECTOR = YES;
				GCC_WARN_UNINITIALIZED_AUTOS = YES_AGGRESSIVE;
				GCC_WARN_UNUSED_FUNCTION = YES;
				GCC_WARN_UNUSED_VARIABLE = YES;
				IPHONEOS_DEPLOYMENT_TARGET = 8.0;
				METAL_ENABLE_DEBUG_INFO = NO;
				SDKROOT = iphoneos;
				TARGETED_DEVICE_FAMILY = "1,2";
				VALIDATE_PRODUCT = YES;
			};
			name = Release;
		};
		737B79A5194B057D00DEBF29 /* Debug */ = {
			isa = XCBuildConfiguration;
			buildSettings = {
				ASSETCATALOG_COMPILER_APPICON_NAME = AppIcon;
				ASSETCATALOG_COMPILER_LAUNCHIMAGE_NAME = LaunchImage;
				FRAMEWORK_SEARCH_PATHS = (
					"$(inherited)",
					"/Users/byrem6/Downloads/nordsubmit-master/NordSubmit",
				);
				INFOPLIST_FILE = NordSubmit/Info.plist;
				IPHONEOS_DEPLOYMENT_TARGET = 7.0;
				LD_RUNPATH_SEARCH_PATHS = "$(inherited) @executable_path/Frameworks";
				PRODUCT_NAME = "$(TARGET_NAME)";
				TARGETED_DEVICE_FAMILY = 1;
			};
			name = Debug;
		};
		737B79A6194B057D00DEBF29 /* Release */ = {
			isa = XCBuildConfiguration;
			buildSettings = {
				ASSETCATALOG_COMPILER_APPICON_NAME = AppIcon;
				ASSETCATALOG_COMPILER_LAUNCHIMAGE_NAME = LaunchImage;
				FRAMEWORK_SEARCH_PATHS = (
					"$(inherited)",
					"/Users/byrem6/Downloads/nordsubmit-master/NordSubmit",
				);
				INFOPLIST_FILE = NordSubmit/Info.plist;
				IPHONEOS_DEPLOYMENT_TARGET = 7.0;
				LD_RUNPATH_SEARCH_PATHS = "$(inherited) @executable_path/Frameworks";
				PRODUCT_NAME = "$(TARGET_NAME)";
				TARGETED_DEVICE_FAMILY = 1;
			};
			name = Release;
		};
/* End XCBuildConfiguration section */

/* Begin XCConfigurationList section */
		737B7985194B057D00DEBF29 /* Build configuration list for PBXProject "NordSubmit" */ = {
			isa = XCConfigurationList;
			buildConfigurations = (
				737B79A2194B057D00DEBF29 /* Debug */,
				737B79A3194B057D00DEBF29 /* Release */,
			);
			defaultConfigurationIsVisible = 0;
			defaultConfigurationName = Release;
		};
		737B79A4194B057D00DEBF29 /* Build configuration list for PBXNativeTarget "NordSubmit" */ = {
			isa = XCConfigurationList;
			buildConfigurations = (
				737B79A5194B057D00DEBF29 /* Debug */,
				737B79A6194B057D00DEBF29 /* Release */,
			);
			defaultConfigurationIsVisible = 0;
			defaultConfigurationName = Release;
		};
/* End XCConfigurationList section */
	};
	rootObject = 737B7982194B057D00DEBF29 /* Project object */;
}
